
Microsoft Visual Studio Solution File, Format Version 12.00
# Visual Studio Version 16
VisualStudioVersion = 16.0.31321.278
MinimumVisualStudioVersion = 10.0.40219.1
Project("{9A19103F-16F7-4668-BE54-9A1E7A4F7556}") = "BlazorFaaSStorage", "BlazorFaasStorage\BlazorFaaSStorage.csproj", "{9751D027-DC4E-4325-9A24-1D6DC58A3BB5}"
EndProject
Project("{9A19103F-16F7-4668-BE54-9A1E7A4F7556}") = "BlobFaaS", "BlobFaaS\BlobFaaS.csproj", "{B0189484-D402-43E6-BDC8-1DDEB13FA280}"
EndProject
Global
	GlobalSection(SolutionConfigurationPlatforms) = preSolution
		Debug|Any CPU = Debug|Any CPU
		Release|Any CPU = Release|Any CPU
	EndGlobalSection
	GlobalSection(ProjectConfigurationPlatforms) = postSolution
		{9751D027-DC4E-4325-9A24-1D6DC58A3BB5}.Debug|Any CPU.ActiveCfg = Debug|Any CPU
		{9751D027-DC4E-4325-9A24-1D6DC58A3BB5}.Debug|Any CPU.Build.0 = Debug|Any CPU
		{9751D027-DC4E-4325-9A24-1D6DC58A3BB5}.Release|Any CPU.ActiveCfg = Release|Any CPU
		{9751D027-DC4E-4325-9A24-1D6DC58A3BB5}.Release|Any CPU.Build.0 = Release|Any CPU
		{B0189484-D402-43E6-BDC8-1DDEB13FA280}.Debug|Any CPU.ActiveCfg = Debug|Any CPU
		{B0189484-D402-43E6-BDC8-1DDEB13FA280}.Debug|Any CPU.Build.0 = Debug|Any CPU
		{B0189484-D402-43E6-BDC8-1DDEB13FA280}.Release|Any CPU.ActiveCfg = Release|Any CPU
		{B0189484-D402-43E6-BDC8-1DDEB13FA280}.Release|Any CPU.Build.0 = Release|Any CPU
	EndGlobalSection
	GlobalSection(SolutionProperties) = preSolution
		HideSolutionNode = FALSE
	EndGlobalSection
	GlobalSection(ExtensibilityGlobals) = postSolution
		SolutionGuid = {80157A5C-00FA-4E14-AD88-52AA7062A172}
	EndGlobalSection
EndGlobal
